// !$*UTF8*$!
{
	archiveVersion = 1;
	classes = {
	};
	objectVersion = 55;
	objects = {

/* Begin PBXBuildFile section */
		4157B92727E37A2700E70E7B /* AddNewPaymentViewController.swift in Sources */ = {isa = PBXBuildFile; fileRef = 4157B92527E37A2700E70E7B /* AddNewPaymentViewController.swift */; };
		4157B92827E37A2700E70E7B /* AddNewPaymentViewController.xib in Resources */ = {isa = PBXBuildFile; fileRef = 4157B92627E37A2700E70E7B /* AddNewPaymentViewController.xib */; };
		4160B39127E35DBB00039012 /* PaymentListTableViewCell.swift in Sources */ = {isa = PBXBuildFile; fileRef = 4160B38F27E35DBB00039012 /* PaymentListTableViewCell.swift */; };
		4160B39227E35DBB00039012 /* PaymentListTableViewCell.xib in Resources */ = {isa = PBXBuildFile; fileRef = 4160B39027E35DBB00039012 /* PaymentListTableViewCell.xib */; };
		41950AC927E351E4000F7C6A /* AppDelegate.swift in Sources */ = {isa = PBXBuildFile; fileRef = 41950AC827E351E4000F7C6A /* AppDelegate.swift */; };
		41950ACB27E351E4000F7C6A /* SceneDelegate.swift in Sources */ = {isa = PBXBuildFile; fileRef = 41950ACA27E351E4000F7C6A /* SceneDelegate.swift */; };
		41950ACD27E351E4000F7C6A /* ViewController.swift in Sources */ = {isa = PBXBuildFile; fileRef = 41950ACC27E351E4000F7C6A /* ViewController.swift */; };
		41950AD027E351E4000F7C6A /* Main.storyboard in Resources */ = {isa = PBXBuildFile; fileRef = 41950ACE27E351E4000F7C6A /* Main.storyboard */; };
		41950AD327E351E4000F7C6A /* PaymentPlanner2.xcdatamodeld in Sources */ = {isa = PBXBuildFile; fileRef = 41950AD127E351E4000F7C6A /* PaymentPlanner2.xcdatamodeld */; };
		41950AD527E351EC000F7C6A /* Assets.xcassets in Resources */ = {isa = PBXBuildFile; fileRef = 41950AD427E351EC000F7C6A /* Assets.xcassets */; };
		41950AD827E351EC000F7C6A /* LaunchScreen.storyboard in Resources */ = {isa = PBXBuildFile; fileRef = 41950AD627E351EC000F7C6A /* LaunchScreen.storyboard */; };
		41AC081427E9B14900810E47 /* LoginScreenViewController.swift in Sources */ = {isa = PBXBuildFile; fileRef = 41AC081327E9B14900810E47 /* LoginScreenViewController.swift */; };
		41FE311D27E47B820069460D /* CalendarViewController.swift in Sources */ = {isa = PBXBuildFile; fileRef = 41FE311B27E47B820069460D /* CalendarViewController.swift */; };
		41FE312227E47CAD0069460D /* FSCalendar in Frameworks */ = {isa = PBXBuildFile; productRef = 41FE312127E47CAD0069460D /* FSCalendar */; };
/* End PBXBuildFile section */

/* Begin PBXFileReference section */
		4157B92527E37A2700E70E7B /* AddNewPaymentViewController.swift */ = {isa = PBXFileReference; lastKnownFileType = sourcecode.swift; path = AddNewPaymentViewController.swift; sourceTree = "<group>"; };
		4157B92627E37A2700E70E7B /* AddNewPaymentViewController.xib */ = {isa = PBXFileReference; lastKnownFileType = file.xib; path = AddNewPaymentViewController.xib; sourceTree = "<group>"; };
		4160B38F27E35DBB00039012 /* PaymentListTableViewCell.swift */ = {isa = PBXFileReference; lastKnownFileType = sourcecode.swift; path = PaymentListTableViewCell.swift; sourceTree = "<group>"; };
		4160B39027E35DBB00039012 /* PaymentListTableViewCell.xib */ = {isa = PBXFileReference; lastKnownFileType = file.xib; path = PaymentListTableViewCell.xib; sourceTree = "<group>"; };
		41950AC527E351E4000F7C6A /* PaymentPlanner2.app */ = {isa = PBXFileReference; explicitFileType = wrapper.application; includeInIndex = 0; path = PaymentPlanner2.app; sourceTree = BUILT_PRODUCTS_DIR; };
		41950AC827E351E4000F7C6A /* AppDelegate.swift */ = {isa = PBXFileReference; lastKnownFileType = sourcecode.swift; path = AppDelegate.swift; sourceTree = "<group>"; };
		41950ACA27E351E4000F7C6A /* SceneDelegate.swift */ = {isa = PBXFileReference; lastKnownFileType = sourcecode.swift; path = SceneDelegate.swift; sourceTree = "<group>"; };
		41950ACC27E351E4000F7C6A /* ViewController.swift */ = {isa = PBXFileReference; lastKnownFileType = sourcecode.swift; path = ViewController.swift; sourceTree = "<group>"; };
		41950ACF27E351E4000F7C6A /* Base */ = {isa = PBXFileReference; lastKnownFileType = file.storyboard; name = Base; path = Base.lproj/Main.storyboard; sourceTree = "<group>"; };
		41950AD227E351E4000F7C6A /* PaymentPlanner2.xcdatamodel */ = {isa = PBXFileReference; lastKnownFileType = wrapper.xcdatamodel; path = PaymentPlanner2.xcdatamodel; sourceTree = "<group>"; };
		41950AD427E351EC000F7C6A /* Assets.xcassets */ = {isa = PBXFileReference; lastKnownFileType = folder.assetcatalog; path = Assets.xcassets; sourceTree = "<group>"; };
		41950AD727E351EC000F7C6A /* Base */ = {isa = PBXFileReference; lastKnownFileType = file.storyboard; name = Base; path = Base.lproj/LaunchScreen.storyboard; sourceTree = "<group>"; };
		41950AD927E351EC000F7C6A /* Info.plist */ = {isa = PBXFileReference; lastKnownFileType = text.plist.xml; path = Info.plist; sourceTree = "<group>"; };
		41AC081327E9B14900810E47 /* LoginScreenViewController.swift */ = {isa = PBXFileReference; lastKnownFileType = sourcecode.swift; path = LoginScreenViewController.swift; sourceTree = "<group>"; };
		41FE311B27E47B820069460D /* CalendarViewController.swift */ = {isa = PBXFileReference; lastKnownFileType = sourcecode.swift; path = CalendarViewController.swift; sourceTree = "<group>"; };
/* End PBXFileReference section */

/* Begin PBXFrameworksBuildPhase section */
		41950AC227E351E4000F7C6A /* Frameworks */ = {
			isa = PBXFrameworksBuildPhase;
			buildActionMask = 2147483647;
			files = (
				41FE312227E47CAD0069460D /* FSCalendar in Frameworks */,
			);
			runOnlyForDeploymentPostprocessing = 0;
		};
/* End PBXFrameworksBuildPhase section */

/* Begin PBXGroup section */
		4157B92927E37B4E00E70E7B /* Add Payment */ = {
			isa = PBXGroup;
			children = (
				4157B92627E37A2700E70E7B /* AddNewPaymentViewController.xib */,
				4157B92527E37A2700E70E7B /* AddNewPaymentViewController.swift */,
			);
			path = "Add Payment";
			sourceTree = "<group>";
		};
		4160B39327E35DC700039012 /* Cell */ = {
			isa = PBXGroup;
			children = (
				4160B39027E35DBB00039012 /* PaymentListTableViewCell.xib */,
				4160B38F27E35DBB00039012 /* PaymentListTableViewCell.swift */,
			);
			path = Cell;
			sourceTree = "<group>";
		};
		4160B39427E35DF600039012 /* Payment List */ = {
			isa = PBXGroup;
			children = (
				41950ACC27E351E4000F7C6A /* ViewController.swift */,
				4160B39327E35DC700039012 /* Cell */,
			);
			path = "Payment List";
			sourceTree = "<group>";
		};
		4160B39527E35E1100039012 /* Modules */ = {
			isa = PBXGroup;
			children = (
				41AC081527E9B14E00810E47 /* Login */,
				41FE311F27E47B890069460D /* Calendar */,
				4157B92927E37B4E00E70E7B /* Add Payment */,
				4160B39427E35DF600039012 /* Payment List */,
			);
			path = Modules;
			sourceTree = "<group>";
		};
		41950ABC27E351E4000F7C6A = {
			isa = PBXGroup;
			children = (
				41950AC727E351E4000F7C6A /* PaymentPlanner2 */,
				41950AC627E351E4000F7C6A /* Products */,
			);
			sourceTree = "<group>";
		};
		41950AC627E351E4000F7C6A /* Products */ = {
			isa = PBXGroup;
			children = (
				41950AC527E351E4000F7C6A /* PaymentPlanner2.app */,
			);
			name = Products;
			sourceTree = "<group>";
		};
		41950AC727E351E4000F7C6A /* PaymentPlanner2 */ = {
			isa = PBXGroup;
			children = (
				4160B39527E35E1100039012 /* Modules */,
				41950ACE27E351E4000F7C6A /* Main.storyboard */,
				41950AC827E351E4000F7C6A /* AppDelegate.swift */,
				41950ACA27E351E4000F7C6A /* SceneDelegate.swift */,
				41950AD427E351EC000F7C6A /* Assets.xcassets */,
				41950AD627E351EC000F7C6A /* LaunchScreen.storyboard */,
				41950AD927E351EC000F7C6A /* Info.plist */,
				41950AD127E351E4000F7C6A /* PaymentPlanner2.xcdatamodeld */,
			);
			path = PaymentPlanner2;
			sourceTree = "<group>";
		};
		41AC081527E9B14E00810E47 /* Login */ = {
			isa = PBXGroup;
			children = (
				41AC081327E9B14900810E47 /* LoginScreenViewController.swift */,
			);
			path = Login;
			sourceTree = "<group>";
		};
		41FE311F27E47B890069460D /* Calendar */ = {
			isa = PBXGroup;
			children = (
				41FE311B27E47B820069460D /* CalendarViewController.swift */,
			);
			path = Calendar;
			sourceTree = "<group>";
		};
/* End PBXGroup section */

/* Begin PBXNativeTarget section */
		41950AC427E351E4000F7C6A /* PaymentPlanner2 */ = {
			isa = PBXNativeTarget;
			buildConfigurationList = 41950ADC27E351EC000F7C6A /* Build configuration list for PBXNativeTarget "PaymentPlanner2" */;
			buildPhases = (
				41950AC127E351E4000F7C6A /* Sources */,
				41950AC227E351E4000F7C6A /* Frameworks */,
				41950AC327E351E4000F7C6A /* Resources */,
			);
			buildRules = (
			);
			dependencies = (
			);
			name = PaymentPlanner2;
			packageProductDependencies = (
				41FE312127E47CAD0069460D /* FSCalendar */,
			);
			productName = PaymentPlanner2;
			productReference = 41950AC527E351E4000F7C6A /* PaymentPlanner2.app */;
			productType = "com.apple.product-type.application";
		};
/* End PBXNativeTarget section */

/* Begin PBXProject section */
		41950ABD27E351E4000F7C6A /* Project object */ = {
			isa = PBXProject;
			attributes = {
				BuildIndependentTargetsInParallel = 1;
				LastSwiftUpdateCheck = 1330;
				LastUpgradeCheck = 1330;
				TargetAttributes = {
					41950AC427E351E4000F7C6A = {
						CreatedOnToolsVersion = 13.3;
					};
				};
			};
			buildConfigurationList = 41950AC027E351E4000F7C6A /* Build configuration list for PBXProject "PaymentPlanner2" */;
			compatibilityVersion = "Xcode 13.0";
			developmentRegion = en;
			hasScannedForEncodings = 0;
			knownRegions = (
				en,
				Base,
			);
			mainGroup = 41950ABC27E351E4000F7C6A;
			packageReferences = (
				41FE312027E47CAD0069460D /* XCRemoteSwiftPackageReference "FSCalendar" */,
			);
			productRefGroup = 41950AC627E351E4000F7C6A /* Products */;
			projectDirPath = "";
			projectRoot = "";
			targets = (
				41950AC427E351E4000F7C6A /* PaymentPlanner2 */,
			);
		};
/* End PBXProject section */

/* Begin PBXResourcesBuildPhase section */
		41950AC327E351E4000F7C6A /* Resources */ = {
			isa = PBXResourcesBuildPhase;
			buildActionMask = 2147483647;
			files = (
				41950AD827E351EC000F7C6A /* LaunchScreen.storyboard in Resources */,
				41950AD527E351EC000F7C6A /* Assets.xcassets in Resources */,
				4160B39227E35DBB00039012 /* PaymentListTableViewCell.xib in Resources */,
				4157B92827E37A2700E70E7B /* AddNewPaymentViewController.xib in Resources */,
				41950AD027E351E4000F7C6A /* Main.storyboard in Resources */,
			);
			runOnlyForDeploymentPostprocessing = 0;
		};
/* End PBXResourcesBuildPhase section */

/* Begin PBXSourcesBuildPhase section */
		41950AC127E351E4000F7C6A /* Sources */ = {
			isa = PBXSourcesBuildPhase;
			buildActionMask = 2147483647;
			files = (
				4157B92727E37A2700E70E7B /* AddNewPaymentViewController.swift in Sources */,
				4160B39127E35DBB00039012 /* PaymentListTableViewCell.swift in Sources */,
				41AC081427E9B14900810E47 /* LoginScreenViewController.swift in Sources */,
				41950AD327E351E4000F7C6A /* PaymentPlanner2.xcdatamodeld in Sources */,
				41950ACD27E351E4000F7C6A /* ViewController.swift in Sources */,
				41950AC927E351E4000F7C6A /* AppDelegate.swift in Sources */,
				41FE311D27E47B820069460D /* CalendarViewController.swift in Sources */,
				41950ACB27E351E4000F7C6A /* SceneDelegate.swift in Sources */,
			);
			runOnlyForDeploymentPostprocessing = 0;
		};
/* End PBXSourcesBuildPhase section */

/* Begin PBXVariantGroup section */
		41950ACE27E351E4000F7C6A /* Main.storyboard */ = {
			isa = PBXVariantGroup;
			children = (
				41950ACF27E351E4000F7C6A /* Base */,
			);
			name = Main.storyboard;
			sourceTree = "<group>";
		};
		41950AD627E351EC000F7C6A /* LaunchScreen.storyboard */ = {
			isa = PBXVariantGroup;
			children = (
				41950AD727E351EC000F7C6A /* Base */,
			);
			name = LaunchScreen.storyboard;
			sourceTree = "<group>";
		};
/* End PBXVariantGroup section */

/* Begin XCBuildConfiguration section */
		41950ADA27E351EC000F7C6A /* Debug */ = {
			isa = XCBuildConfiguration;
			buildSettings = {
				ALWAYS_SEARCH_USER_PATHS = NO;
				CLANG_ANALYZER_NONNULL = YES;
				CLANG_ANALYZER_NUMBER_OBJECT_CONVERSION = YES_AGGRESSIVE;
				CLANG_CXX_LANGUAGE_STANDARD = "gnu++17";
				CLANG_ENABLE_MODULES = YES;
				CLANG_ENABLE_OBJC_ARC = YES;
				CLANG_ENABLE_OBJC_WEAK = YES;
				CLANG_WARN_BLOCK_CAPTURE_AUTORELEASING = YES;
				CLANG_WARN_BOOL_CONVERSION = YES;
				CLANG_WARN_COMMA = YES;
				CLANG_WARN_CONSTANT_CONVERSION = YES;
				CLANG_WARN_DEPRECATED_OBJC_IMPLEMENTATIONS = YES;
				CLANG_WARN_DIRECT_OBJC_ISA_USAGE = YES_ERROR;
				CLANG_WARN_DOCUMENTATION_COMMENTS = YES;
				CLANG_WARN_EMPTY_BODY = YES;
				CLANG_WARN_ENUM_CONVERSION = YES;
				CLANG_WARN_INFINITE_RECURSION = YES;
				CLANG_WARN_INT_CONVERSION = YES;
				CLANG_WARN_NON_LITERAL_NULL_CONVERSION = YES;
				CLANG_WARN_OBJC_IMPLICIT_RETAIN_SELF = YES;
				CLANG_WARN_OBJC_LITERAL_CONVERSION = YES;
				CLANG_WARN_OBJC_ROOT_CLASS = YES_ERROR;
				CLANG_WARN_QUOTED_INCLUDE_IN_FRAMEWORK_HEADER = YES;
				CLANG_WARN_RANGE_LOOP_ANALYSIS = YES;
				CLANG_WARN_STRICT_PROTOTYPES = YES;
				CLANG_WARN_SUSPICIOUS_MOVE = YES;
				CLANG_WARN_UNGUARDED_AVAILABILITY = YES_AGGRESSIVE;
				CLANG_WARN_UNREACHABLE_CODE = YES;
				CLANG_WARN__DUPLICATE_METHOD_MATCH = YES;
				COPY_PHASE_STRIP = NO;
				DEBUG_INFORMATION_FORMAT = dwarf;
				ENABLE_STRICT_OBJC_MSGSEND = YES;
				ENABLE_TESTABILITY = YES;
				GCC_C_LANGUAGE_STANDARD = gnu11;
				GCC_DYNAMIC_NO_PIC = NO;
				GCC_NO_COMMON_BLOCKS = YES;
				GCC_OPTIMIZATION_LEVEL = 0;
				GCC_PREPROCESSOR_DEFINITIONS = (
					"DEBUG=1",
					"$(inherited)",
				);
				GCC_WARN_64_TO_32_BIT_CONVERSION = YES;
				GCC_WARN_ABOUT_RETURN_TYPE = YES_ERROR;
				GCC_WARN_UNDECLARED_SELECTOR = YES;
				GCC_WARN_UNINITIALIZED_AUTOS = YES_AGGRESSIVE;
				GCC_WARN_UNUSED_FUNCTION = YES;
				GCC_WARN_UNUSED_VARIABLE = YES;
				IPHONEOS_DEPLOYMENT_TARGET = 15.4;
				MTL_ENABLE_DEBUG_INFO = INCLUDE_SOURCE;
				MTL_FAST_MATH = YES;
				ONLY_ACTIVE_ARCH = YES;
				SDKROOT = iphoneos;
				SWIFT_ACTIVE_COMPILATION_CONDITIONS = DEBUG;
				SWIFT_OPTIMIZATION_LEVEL = "-Onone";
			};
			name = Debug;
		};
		41950ADB27E351EC000F7C6A /* Release */ = {
			isa = XCBuildConfiguration;
			buildSettings = {
				ALWAYS_SEARCH_USER_PATHS = NO;
				CLANG_ANALYZER_NONNULL = YES;
				CLANG_ANALYZER_NUMBER_OBJECT_CONVERSION = YES_AGGRESSIVE;
				CLANG_CXX_LANGUAGE_STANDARD = "gnu++17";
				CLANG_ENABLE_MODULES = YES;
				CLANG_ENABLE_OBJC_ARC = YES;
				CLANG_ENABLE_OBJC_WEAK = YES;
				CLANG_WARN_BLOCK_CAPTURE_AUTORELEASING = YES;
				CLANG_WARN_BOOL_CONVERSION = YES;
				CLANG_WARN_COMMA = YES;
				CLANG_WARN_CONSTANT_CONVERSION = YES;
				CLANG_WARN_DEPRECATED_OBJC_IMPLEMENTATIONS = YES;
				CLANG_WARN_DIRECT_OBJC_ISA_USAGE = YES_ERROR;
				CLANG_WARN_DOCUMENTATION_COMMENTS = YES;
				CLANG_WARN_EMPTY_BODY = YES;
				CLANG_WARN_ENUM_CONVERSION = YES;
				CLANG_WARN_INFINITE_RECURSION = YES;
				CLANG_WARN_INT_CONVERSION = YES;
				CLANG_WARN_NON_LITERAL_NULL_CONVERSION = YES;
				CLANG_WARN_OBJC_IMPLICIT_RETAIN_SELF = YES;
				CLANG_WARN_OBJC_LITERAL_CONVERSION = YES;
				CLANG_WARN_OBJC_ROOT_CLASS = YES_ERROR;
				CLANG_WARN_QUOTED_INCLUDE_IN_FRAMEWORK_HEADER = YES;
				CLANG_WARN_RANGE_LOOP_ANALYSIS = YES;
				CLANG_WARN_STRICT_PROTOTYPES = YES;
				CLANG_WARN_SUSPICIOUS_MOVE = YES;
				CLANG_WARN_UNGUARDED_AVAILABILITY = YES_AGGRESSIVE;
				CLANG_WARN_UNREACHABLE_CODE = YES;
				CLANG_WARN__DUPLICATE_METHOD_MATCH = YES;
				COPY_PHASE_STRIP = NO;
				DEBUG_INFORMATION_FORMAT = "dwarf-with-dsym";
				ENABLE_NS_ASSERTIONS = NO;
				ENABLE_STRICT_OBJC_MSGSEND = YES;
				GCC_C_LANGUAGE_STANDARD = gnu11;
				GCC_NO_COMMON_BLOCKS = YES;
				GCC_WARN_64_TO_32_BIT_CONVERSION = YES;
				GCC_WARN_ABOUT_RETURN_TYPE = YES_ERROR;
				GCC_WARN_UNDECLARED_SELECTOR = YES;
				GCC_WARN_UNINITIALIZED_AUTOS = YES_AGGRESSIVE;
				GCC_WARN_UNUSED_FUNCTION = YES;
				GCC_WARN_UNUSED_VARIABLE = YES;
				IPHONEOS_DEPLOYMENT_TARGET = 15.4;
				MTL_ENABLE_DEBUG_INFO = NO;
				MTL_FAST_MATH = YES;
				SDKROOT = iphoneos;
				SWIFT_COMPILATION_MODE = wholemodule;
				SWIFT_OPTIMIZATION_LEVEL = "-O";
				VALIDATE_PRODUCT = YES;
			};
			name = Release;
		};
		41950ADD27E351EC000F7C6A /* Debug */ = {
			isa = XCBuildConfiguration;
			buildSettings = {
				ASSETCATALOG_COMPILER_APPICON_NAME = AppIcon;
				ASSETCATALOG_COMPILER_GLOBAL_ACCENT_COLOR_NAME = AccentColor;
				CODE_SIGN_STYLE = Automatic;
				CURRENT_PROJECT_VERSION = 1;
				DEVELOPMENT_TEAM = W634M6PWQV;
				GENERATE_INFOPLIST_FILE = YES;
				INFOPLIST_FILE = PaymentPlanner2/Info.plist;
				INFOPLIST_KEY_UIApplicationSupportsIndirectInputEvents = YES;
				INFOPLIST_KEY_UILaunchStoryboardName = LaunchScreen;
				INFOPLIST_KEY_UIMainStoryboardFile = Main;
				INFOPLIST_KEY_UISupportedInterfaceOrientations_iPad = "UIInterfaceOrientationPortrait UIInterfaceOrientationPortraitUpsideDown UIInterfaceOrientationLandscapeLeft UIInterfaceOrientationLandscapeRight";
				INFOPLIST_KEY_UISupportedInterfaceOrientations_iPhone = "UIInterfaceOrientationPortrait UIInterfaceOrientationLandscapeLeft UIInterfaceOrientationLandscapeRight";
				IPHONEOS_DEPLOYMENT_TARGET = 15.3;
				LD_RUNPATH_SEARCH_PATHS = (
					"$(inherited)",
					"@executable_path/Frameworks",
				);
				MARKETING_VERSION = 1.0;
				PRODUCT_BUNDLE_IDENTIFIER = ali.kolukirik.PaymentPlanner2;
				PRODUCT_NAME = "$(TARGET_NAME)";
				SWIFT_EMIT_LOC_STRINGS = YES;
				SWIFT_VERSION = 5.0;
				TARGETED_DEVICE_FAMILY = "1,2";
			};
			name = Debug;
		};
		41950ADE27E351EC000F7C6A /* Release */ = {
			isa = XCBuildConfiguration;
			buildSettings = {
				ASSETCATALOG_COMPILER_APPICON_NAME = AppIcon;
				ASSETCATALOG_COMPILER_GLOBAL_ACCENT_COLOR_NAME = AccentColor;
				CODE_SIGN_STYLE = Automatic;
				CURRENT_PROJECT_VERSION = 1;
				DEVELOPMENT_TEAM = W634M6PWQV;
				GENERATE_INFOPLIST_FILE = YES;
				INFOPLIST_FILE = PaymentPlanner2/Info.plist;
				INFOPLIST_KEY_UIApplicationSupportsIndirectInputEvents = YES;
				INFOPLIST_KEY_UILaunchStoryboardName = LaunchScreen;
				INFOPLIST_KEY_UIMainStoryboardFile = Main;
				INFOPLIST_KEY_UISupportedInterfaceOrientations_iPad = "UIInterfaceOrientationPortrait UIInterfaceOrientationPortraitUpsideDown UIInterfaceOrientationLandscapeLeft UIInterfaceOrientationLandscapeRight";
				INFOPLIST_KEY_UISupportedInterfaceOrientations_iPhone = "UIInterfaceOrientationPortrait UIInterfaceOrientationLandscapeLeft UIInterfaceOrientationLandscapeRight";
				IPHONEOS_DEPLOYMENT_TARGET = 15.3;
				LD_RUNPATH_SEARCH_PATHS = (
					"$(inherited)",
					"@executable_path/Frameworks",
				);
				MARKETING_VERSION = 1.0;
				PRODUCT_BUNDLE_IDENTIFIER = ali.kolukirik.PaymentPlanner2;
				PRODUCT_NAME = "$(TARGET_NAME)";
				SWIFT_EMIT_LOC_STRINGS = YES;
				SWIFT_VERSION = 5.0;
				TARGETED_DEVICE_FAMILY = "1,2";
			};
			name = Release;
		};
/* End XCBuildConfiguration section */

/* Begin XCConfigurationList section */
		41950AC027E351E4000F7C6A /* Build configuration list for PBXProject "PaymentPlanner2" */ = {
			isa = XCConfigurationList;
			buildConfigurations = (
				41950ADA27E351EC000F7C6A /* Debug */,
				41950ADB27E351EC000F7C6A /* Release */,
			);
			defaultConfigurationIsVisible = 0;
			defaultConfigurationName = Release;
		};
		41950ADC27E351EC000F7C6A /* Build configuration list for PBXNativeTarget "PaymentPlanner2" */ = {
			isa = XCConfigurationList;
			buildConfigurations = (
				41950ADD27E351EC000F7C6A /* Debug */,
				41950ADE27E351EC000F7C6A /* Release */,
			);
			defaultConfigurationIsVisible = 0;
			defaultConfigurationName = Release;
		};
/* End XCConfigurationList section */

/* Begin XCRemoteSwiftPackageReference section */
		41FE312027E47CAD0069460D /* XCRemoteSwiftPackageReference "FSCalendar" */ = {
			isa = XCRemoteSwiftPackageReference;
			repositoryURL = "https://github.com/WenchaoD/FSCalendar";
			requirement = {
				branch = master;
				kind = branch;
			};
		};
/* End XCRemoteSwiftPackageReference section */

/* Begin XCSwiftPackageProductDependency section */
		41FE312127E47CAD0069460D /* FSCalendar */ = {
			isa = XCSwiftPackageProductDependency;
			package = 41FE312027E47CAD0069460D /* XCRemoteSwiftPackageReference "FSCalendar" */;
			productName = FSCalendar;
		};
/* End XCSwiftPackageProductDependency section */

/* Begin XCVersionGroup section */
		41950AD127E351E4000F7C6A /* PaymentPlanner2.xcdatamodeld */ = {
			isa = XCVersionGroup;
			children = (
				41950AD227E351E4000F7C6A /* PaymentPlanner2.xcdatamodel */,
			);
			currentVersion = 41950AD227E351E4000F7C6A /* PaymentPlanner2.xcdatamodel */;
			path = PaymentPlanner2.xcdatamodeld;
			sourceTree = "<group>";
			versionGroupType = wrapper.xcdatamodel;
		};
/* End XCVersionGroup section */
	};
	rootObject = 41950ABD27E351E4000F7C6A /* Project object */;
}
