// !$*UTF8*$!
{
	archiveVersion = 1;
	classes = {
	};
	objectVersion = 55;
	objects = {

/* Begin PBXBuildFile section */
		41A633A027D7392B00D24C34 /* AppDelegate.swift in Sources */ = {isa = PBXBuildFile; fileRef = 41A6339F27D7392B00D24C34 /* AppDelegate.swift */; };
		41A633A227D7392B00D24C34 /* SceneDelegate.swift in Sources */ = {isa = PBXBuildFile; fileRef = 41A633A127D7392B00D24C34 /* SceneDelegate.swift */; };
		41A633A427D7392B00D24C34 /* ViewController.swift in Sources */ = {isa = PBXBuildFile; fileRef = 41A633A327D7392B00D24C34 /* ViewController.swift */; };
		41A633A727D7392B00D24C34 /* Main.storyboard in Resources */ = {isa = PBXBuildFile; fileRef = 41A633A527D7392B00D24C34 /* Main.storyboard */; };
		41A633AA27D7392B00D24C34 /* PaymentPlanner.xcdatamodeld in Sources */ = {isa = PBXBuildFile; fileRef = 41A633A827D7392B00D24C34 /* PaymentPlanner.xcdatamodeld */; };
		41A633AC27D7392D00D24C34 /* Assets.xcassets in Resources */ = {isa = PBXBuildFile; fileRef = 41A633AB27D7392D00D24C34 /* Assets.xcassets */; };
		41A633AF27D7392D00D24C34 /* LaunchScreen.storyboard in Resources */ = {isa = PBXBuildFile; fileRef = 41A633AD27D7392D00D24C34 /* LaunchScreen.storyboard */; };
		41A633B727D73CFB00D24C34 /* PaymentListViewController.swift in Sources */ = {isa = PBXBuildFile; fileRef = 41A633B627D73CFB00D24C34 /* PaymentListViewController.swift */; };
		41A633B927D73E8000D24C34 /* PaymentDetailViewController.swift in Sources */ = {isa = PBXBuildFile; fileRef = 41A633B827D73E8000D24C34 /* PaymentDetailViewController.swift */; };
		41A633BC27D741D100D24C34 /* FSCalendar in Frameworks */ = {isa = PBXBuildFile; productRef = 41A633BB27D741D100D24C34 /* FSCalendar */; };
		41AFA3B527E0766B008E4FD4 /* GoogleService-Info.plist in Resources */ = {isa = PBXBuildFile; fileRef = 41AFA3B427E0766B008E4FD4 /* GoogleService-Info.plist */; };
		41AFA3B727E0992E008E4FD4 /* NewSymbolAddViewController.swift in Sources */ = {isa = PBXBuildFile; fileRef = 41AFA3B627E0992E008E4FD4 /* NewSymbolAddViewController.swift */; };
		41B8937927DA2B9900A0D5DE /* PaymentDetailTableViewCell.swift in Sources */ = {isa = PBXBuildFile; fileRef = 41B8937827DA2B9900A0D5DE /* PaymentDetailTableViewCell.swift */; };
		41C5CD0127D8C8B100D06ECF /* FirebaseAnalytics in Frameworks */ = {isa = PBXBuildFile; productRef = 41C5CD0027D8C8B100D06ECF /* FirebaseAnalytics */; };
		41C5CD0327D8C8B100D06ECF /* FirebaseAnalyticsSwift-Beta in Frameworks */ = {isa = PBXBuildFile; productRef = 41C5CD0227D8C8B100D06ECF /* FirebaseAnalyticsSwift-Beta */; };
		41C5CD0527D8C8B100D06ECF /* FirebaseAnalyticsWithoutAdIdSupport in Frameworks */ = {isa = PBXBuildFile; productRef = 41C5CD0427D8C8B100D06ECF /* FirebaseAnalyticsWithoutAdIdSupport */; };
		41C5CD0727D8C8B100D06ECF /* FirebaseAppCheck in Frameworks */ = {isa = PBXBuildFile; productRef = 41C5CD0627D8C8B100D06ECF /* FirebaseAppCheck */; };
		41C5CD0927D8C8B100D06ECF /* FirebaseAppDistribution-Beta in Frameworks */ = {isa = PBXBuildFile; productRef = 41C5CD0827D8C8B100D06ECF /* FirebaseAppDistribution-Beta */; };
		41C5CD0B27D8C8B100D06ECF /* FirebaseAuth in Frameworks */ = {isa = PBXBuildFile; productRef = 41C5CD0A27D8C8B100D06ECF /* FirebaseAuth */; };
		41C5CD0D27D8C8B100D06ECF /* FirebaseAuthCombine-Community in Frameworks */ = {isa = PBXBuildFile; productRef = 41C5CD0C27D8C8B100D06ECF /* FirebaseAuthCombine-Community */; };
		41C5CD0F27D8C8B100D06ECF /* FirebaseCrashlytics in Frameworks */ = {isa = PBXBuildFile; productRef = 41C5CD0E27D8C8B100D06ECF /* FirebaseCrashlytics */; };
		41C5CD1127D8C8B100D06ECF /* FirebaseDatabase in Frameworks */ = {isa = PBXBuildFile; productRef = 41C5CD1027D8C8B100D06ECF /* FirebaseDatabase */; };
		41C5CD1327D8C8B100D06ECF /* FirebaseDatabaseSwift-Beta in Frameworks */ = {isa = PBXBuildFile; productRef = 41C5CD1227D8C8B100D06ECF /* FirebaseDatabaseSwift-Beta */; };
		41C5CD1527D8C8B100D06ECF /* FirebaseDynamicLinks in Frameworks */ = {isa = PBXBuildFile; productRef = 41C5CD1427D8C8B100D06ECF /* FirebaseDynamicLinks */; };
		41C5CD1727D8C8B100D06ECF /* FirebaseFirestore in Frameworks */ = {isa = PBXBuildFile; productRef = 41C5CD1627D8C8B100D06ECF /* FirebaseFirestore */; };
		41C5CD1927D8C8B100D06ECF /* FirebaseFirestoreCombine-Community in Frameworks */ = {isa = PBXBuildFile; productRef = 41C5CD1827D8C8B100D06ECF /* FirebaseFirestoreCombine-Community */; };
		41C5CD1B27D8C8B100D06ECF /* FirebaseFirestoreSwift-Beta in Frameworks */ = {isa = PBXBuildFile; productRef = 41C5CD1A27D8C8B100D06ECF /* FirebaseFirestoreSwift-Beta */; };
		41C5CD1D27D8C8B100D06ECF /* FirebaseFunctions in Frameworks */ = {isa = PBXBuildFile; productRef = 41C5CD1C27D8C8B100D06ECF /* FirebaseFunctions */; };
		41C5CD1F27D8C8B100D06ECF /* FirebaseFunctionsCombine-Community in Frameworks */ = {isa = PBXBuildFile; productRef = 41C5CD1E27D8C8B100D06ECF /* FirebaseFunctionsCombine-Community */; };
		41C5CD2127D8C8B100D06ECF /* FirebaseFunctionsSwift-Beta in Frameworks */ = {isa = PBXBuildFile; productRef = 41C5CD2027D8C8B100D06ECF /* FirebaseFunctionsSwift-Beta */; };
		41C5CD2327D8C8B100D06ECF /* FirebaseInAppMessaging-Beta in Frameworks */ = {isa = PBXBuildFile; productRef = 41C5CD2227D8C8B100D06ECF /* FirebaseInAppMessaging-Beta */; };
		41C5CD2527D8C8B100D06ECF /* FirebaseInAppMessagingSwift-Beta in Frameworks */ = {isa = PBXBuildFile; productRef = 41C5CD2427D8C8B100D06ECF /* FirebaseInAppMessagingSwift-Beta */; };
		41C5CD2727D8C8B100D06ECF /* FirebaseInstallations in Frameworks */ = {isa = PBXBuildFile; productRef = 41C5CD2627D8C8B100D06ECF /* FirebaseInstallations */; };
		41C5CD2927D8C8B100D06ECF /* FirebaseMLModelDownloader in Frameworks */ = {isa = PBXBuildFile; productRef = 41C5CD2827D8C8B100D06ECF /* FirebaseMLModelDownloader */; };
		41C5CD2B27D8C8B100D06ECF /* FirebaseMessaging in Frameworks */ = {isa = PBXBuildFile; productRef = 41C5CD2A27D8C8B100D06ECF /* FirebaseMessaging */; };
		41C5CD2D27D8C8B100D06ECF /* FirebasePerformance in Frameworks */ = {isa = PBXBuildFile; productRef = 41C5CD2C27D8C8B100D06ECF /* FirebasePerformance */; };
		41C5CD2F27D8C8B100D06ECF /* FirebaseRemoteConfig in Frameworks */ = {isa = PBXBuildFile; productRef = 41C5CD2E27D8C8B100D06ECF /* FirebaseRemoteConfig */; };
		41C5CD3127D8C8B100D06ECF /* FirebaseRemoteConfigSwift-Beta in Frameworks */ = {isa = PBXBuildFile; productRef = 41C5CD3027D8C8B100D06ECF /* FirebaseRemoteConfigSwift-Beta */; };
		41C5CD3327D8C8B100D06ECF /* FirebaseStorage in Frameworks */ = {isa = PBXBuildFile; productRef = 41C5CD3227D8C8B100D06ECF /* FirebaseStorage */; };
		41C5CD3527D8C8B100D06ECF /* FirebaseStorageCombine-Community in Frameworks */ = {isa = PBXBuildFile; productRef = 41C5CD3427D8C8B100D06ECF /* FirebaseStorageCombine-Community */; };
		41C5CD3727D8C8B100D06ECF /* FirebaseStorageSwift-Beta in Frameworks */ = {isa = PBXBuildFile; productRef = 41C5CD3627D8C8B100D06ECF /* FirebaseStorageSwift-Beta */; };
		41C5CD3B27D8DC9600D06ECF /* CalendarDetailViewController.swift in Sources */ = {isa = PBXBuildFile; fileRef = 41C5CD3A27D8DC9600D06ECF /* CalendarDetailViewController.swift */; };
/* End PBXBuildFile section */

/* Begin PBXFileReference section */
		41A6339C27D7392B00D24C34 /* PaymentPlanner.app */ = {isa = PBXFileReference; explicitFileType = wrapper.application; includeInIndex = 0; path = PaymentPlanner.app; sourceTree = BUILT_PRODUCTS_DIR; };
		41A6339F27D7392B00D24C34 /* AppDelegate.swift */ = {isa = PBXFileReference; lastKnownFileType = sourcecode.swift; path = AppDelegate.swift; sourceTree = "<group>"; };
		41A633A127D7392B00D24C34 /* SceneDelegate.swift */ = {isa = PBXFileReference; lastKnownFileType = sourcecode.swift; path = SceneDelegate.swift; sourceTree = "<group>"; };
		41A633A327D7392B00D24C34 /* ViewController.swift */ = {isa = PBXFileReference; lastKnownFileType = sourcecode.swift; path = ViewController.swift; sourceTree = "<group>"; };
		41A633A627D7392B00D24C34 /* Base */ = {isa = PBXFileReference; lastKnownFileType = file.storyboard; name = Base; path = Base.lproj/Main.storyboard; sourceTree = "<group>"; };
		41A633A927D7392B00D24C34 /* PaymentPlanner.xcdatamodel */ = {isa = PBXFileReference; lastKnownFileType = wrapper.xcdatamodel; path = PaymentPlanner.xcdatamodel; sourceTree = "<group>"; };
		41A633AB27D7392D00D24C34 /* Assets.xcassets */ = {isa = PBXFileReference; lastKnownFileType = folder.assetcatalog; path = Assets.xcassets; sourceTree = "<group>"; };
		41A633AE27D7392D00D24C34 /* Base */ = {isa = PBXFileReference; lastKnownFileType = file.storyboard; name = Base; path = Base.lproj/LaunchScreen.storyboard; sourceTree = "<group>"; };
		41A633B027D7392D00D24C34 /* Info.plist */ = {isa = PBXFileReference; lastKnownFileType = text.plist.xml; path = Info.plist; sourceTree = "<group>"; };
		41A633B627D73CFB00D24C34 /* PaymentListViewController.swift */ = {isa = PBXFileReference; lastKnownFileType = sourcecode.swift; path = PaymentListViewController.swift; sourceTree = "<group>"; };
		41A633B827D73E8000D24C34 /* PaymentDetailViewController.swift */ = {isa = PBXFileReference; lastKnownFileType = sourcecode.swift; path = PaymentDetailViewController.swift; sourceTree = "<group>"; };
		41AFA3B427E0766B008E4FD4 /* GoogleService-Info.plist */ = {isa = PBXFileReference; fileEncoding = 4; lastKnownFileType = text.plist.xml; path = "GoogleService-Info.plist"; sourceTree = "<group>"; };
		41AFA3B627E0992E008E4FD4 /* NewSymbolAddViewController.swift */ = {isa = PBXFileReference; lastKnownFileType = sourcecode.swift; path = NewSymbolAddViewController.swift; sourceTree = "<group>"; };
		41B8937827DA2B9900A0D5DE /* PaymentDetailTableViewCell.swift */ = {isa = PBXFileReference; lastKnownFileType = sourcecode.swift; path = PaymentDetailTableViewCell.swift; sourceTree = "<group>"; };
		41C5CD3A27D8DC9600D06ECF /* CalendarDetailViewController.swift */ = {isa = PBXFileReference; lastKnownFileType = sourcecode.swift; path = CalendarDetailViewController.swift; sourceTree = "<group>"; };
/* End PBXFileReference section */

/* Begin PBXFrameworksBuildPhase section */
		41A6339927D7392B00D24C34 /* Frameworks */ = {
			isa = PBXFrameworksBuildPhase;
			buildActionMask = 2147483647;
			files = (
				41C5CD1127D8C8B100D06ECF /* FirebaseDatabase in Frameworks */,
				41C5CD2127D8C8B100D06ECF /* FirebaseFunctionsSwift-Beta in Frameworks */,
				41C5CD2527D8C8B100D06ECF /* FirebaseInAppMessagingSwift-Beta in Frameworks */,
				41C5CD2B27D8C8B100D06ECF /* FirebaseMessaging in Frameworks */,
				41C5CD1F27D8C8B100D06ECF /* FirebaseFunctionsCombine-Community in Frameworks */,
				41C5CD1727D8C8B100D06ECF /* FirebaseFirestore in Frameworks */,
				41C5CD0327D8C8B100D06ECF /* FirebaseAnalyticsSwift-Beta in Frameworks */,
				41C5CD0127D8C8B100D06ECF /* FirebaseAnalytics in Frameworks */,
				41C5CD2927D8C8B100D06ECF /* FirebaseMLModelDownloader in Frameworks */,
				41A633BC27D741D100D24C34 /* FSCalendar in Frameworks */,
				41C5CD0727D8C8B100D06ECF /* FirebaseAppCheck in Frameworks */,
				41C5CD0527D8C8B100D06ECF /* FirebaseAnalyticsWithoutAdIdSupport in Frameworks */,
				41C5CD0B27D8C8B100D06ECF /* FirebaseAuth in Frameworks */,
				41C5CD3727D8C8B100D06ECF /* FirebaseStorageSwift-Beta in Frameworks */,
				41C5CD0F27D8C8B100D06ECF /* FirebaseCrashlytics in Frameworks */,
				41C5CD2D27D8C8B100D06ECF /* FirebasePerformance in Frameworks */,
				41C5CD2327D8C8B100D06ECF /* FirebaseInAppMessaging-Beta in Frameworks */,
				41C5CD1327D8C8B100D06ECF /* FirebaseDatabaseSwift-Beta in Frameworks */,
				41C5CD3127D8C8B100D06ECF /* FirebaseRemoteConfigSwift-Beta in Frameworks */,
				41C5CD0927D8C8B100D06ECF /* FirebaseAppDistribution-Beta in Frameworks */,
				41C5CD2727D8C8B100D06ECF /* FirebaseInstallations in Frameworks */,
				41C5CD3327D8C8B100D06ECF /* FirebaseStorage in Frameworks */,
				41C5CD2F27D8C8B100D06ECF /* FirebaseRemoteConfig in Frameworks */,
				41C5CD3527D8C8B100D06ECF /* FirebaseStorageCombine-Community in Frameworks */,
				41C5CD1D27D8C8B100D06ECF /* FirebaseFunctions in Frameworks */,
				41C5CD0D27D8C8B100D06ECF /* FirebaseAuthCombine-Community in Frameworks */,
				41C5CD1B27D8C8B100D06ECF /* FirebaseFirestoreSwift-Beta in Frameworks */,
				41C5CD1527D8C8B100D06ECF /* FirebaseDynamicLinks in Frameworks */,
				41C5CD1927D8C8B100D06ECF /* FirebaseFirestoreCombine-Community in Frameworks */,
			);
			runOnlyForDeploymentPostprocessing = 0;
		};
/* End PBXFrameworksBuildPhase section */

/* Begin PBXGroup section */
		41A6339327D7392B00D24C34 = {
			isa = PBXGroup;
			children = (
				41A6339E27D7392B00D24C34 /* PaymentPlanner */,
				41A6339D27D7392B00D24C34 /* Products */,
			);
			sourceTree = "<group>";
		};
		41A6339D27D7392B00D24C34 /* Products */ = {
			isa = PBXGroup;
			children = (
				41A6339C27D7392B00D24C34 /* PaymentPlanner.app */,
			);
			name = Products;
			sourceTree = "<group>";
		};
		41A6339E27D7392B00D24C34 /* PaymentPlanner */ = {
			isa = PBXGroup;
			children = (
				41B8937A27DA2C5C00A0D5DE /* Modules */,
				41A6339F27D7392B00D24C34 /* AppDelegate.swift */,
				41A633A127D7392B00D24C34 /* SceneDelegate.swift */,
				41A633A327D7392B00D24C34 /* ViewController.swift */,
				41A633A527D7392B00D24C34 /* Main.storyboard */,
				41A633AB27D7392D00D24C34 /* Assets.xcassets */,
				41A633AD27D7392D00D24C34 /* LaunchScreen.storyboard */,
				41A633B027D7392D00D24C34 /* Info.plist */,
				41AFA3B427E0766B008E4FD4 /* GoogleService-Info.plist */,
				41A633A827D7392B00D24C34 /* PaymentPlanner.xcdatamodeld */,
			);
			path = PaymentPlanner;
			sourceTree = "<group>";
		};
		41B8937A27DA2C5C00A0D5DE /* Modules */ = {
			isa = PBXGroup;
			children = (
				41AFA3B627E0992E008E4FD4 /* NewSymbolAddViewController.swift */,
				41B8937D27DA2CED00A0D5DE /* Calendar */,
				41B8937B27DA2C9400A0D5DE /* Payment */,
			);
			path = Modules;
			sourceTree = "<group>";
		};
		41B8937B27DA2C9400A0D5DE /* Payment */ = {
			isa = PBXGroup;
			children = (
				41B8937C27DA2CB400A0D5DE /* Detail */,
				41A633B627D73CFB00D24C34 /* PaymentListViewController.swift */,
			);
			name = Payment;
			sourceTree = "<group>";
		};
		41B8937C27DA2CB400A0D5DE /* Detail */ = {
			isa = PBXGroup;
			children = (
				41B8937827DA2B9900A0D5DE /* PaymentDetailTableViewCell.swift */,
				41A633B827D73E8000D24C34 /* PaymentDetailViewController.swift */,
			);
			path = Detail;
			sourceTree = "<group>";
		};
		41B8937D27DA2CED00A0D5DE /* Calendar */ = {
			isa = PBXGroup;
			children = (
				41C5CD3A27D8DC9600D06ECF /* CalendarDetailViewController.swift */,
			);
			path = Calendar;
			sourceTree = "<group>";
		};
/* End PBXGroup section */

/* Begin PBXNativeTarget section */
		41A6339B27D7392B00D24C34 /* PaymentPlanner */ = {
			isa = PBXNativeTarget;
			buildConfigurationList = 41A633B327D7392D00D24C34 /* Build configuration list for PBXNativeTarget "PaymentPlanner" */;
			buildPhases = (
				41A6339827D7392B00D24C34 /* Sources */,
				41A6339927D7392B00D24C34 /* Frameworks */,
				41A6339A27D7392B00D24C34 /* Resources */,
			);
			buildRules = (
			);
			dependencies = (
			);
			name = PaymentPlanner;
			packageProductDependencies = (
				41A633BB27D741D100D24C34 /* FSCalendar */,
				41C5CD0027D8C8B100D06ECF /* FirebaseAnalytics */,
				41C5CD0227D8C8B100D06ECF /* FirebaseAnalyticsSwift-Beta */,
				41C5CD0427D8C8B100D06ECF /* FirebaseAnalyticsWithoutAdIdSupport */,
				41C5CD0627D8C8B100D06ECF /* FirebaseAppCheck */,
				41C5CD0827D8C8B100D06ECF /* FirebaseAppDistribution-Beta */,
				41C5CD0A27D8C8B100D06ECF /* FirebaseAuth */,
				41C5CD0C27D8C8B100D06ECF /* FirebaseAuthCombine-Community */,
				41C5CD0E27D8C8B100D06ECF /* FirebaseCrashlytics */,
				41C5CD1027D8C8B100D06ECF /* FirebaseDatabase */,
				41C5CD1227D8C8B100D06ECF /* FirebaseDatabaseSwift-Beta */,
				41C5CD1427D8C8B100D06ECF /* FirebaseDynamicLinks */,
				41C5CD1627D8C8B100D06ECF /* FirebaseFirestore */,
				41C5CD1827D8C8B100D06ECF /* FirebaseFirestoreCombine-Community */,
				41C5CD1A27D8C8B100D06ECF /* FirebaseFirestoreSwift-Beta */,
				41C5CD1C27D8C8B100D06ECF /* FirebaseFunctions */,
				41C5CD1E27D8C8B100D06ECF /* FirebaseFunctionsCombine-Community */,
				41C5CD2027D8C8B100D06ECF /* FirebaseFunctionsSwift-Beta */,
				41C5CD2227D8C8B100D06ECF /* FirebaseInAppMessaging-Beta */,
				41C5CD2427D8C8B100D06ECF /* FirebaseInAppMessagingSwift-Beta */,
				41C5CD2627D8C8B100D06ECF /* FirebaseInstallations */,
				41C5CD2827D8C8B100D06ECF /* FirebaseMLModelDownloader */,
				41C5CD2A27D8C8B100D06ECF /* FirebaseMessaging */,
				41C5CD2C27D8C8B100D06ECF /* FirebasePerformance */,
				41C5CD2E27D8C8B100D06ECF /* FirebaseRemoteConfig */,
				41C5CD3027D8C8B100D06ECF /* FirebaseRemoteConfigSwift-Beta */,
				41C5CD3227D8C8B100D06ECF /* FirebaseStorage */,
				41C5CD3427D8C8B100D06ECF /* FirebaseStorageCombine-Community */,
				41C5CD3627D8C8B100D06ECF /* FirebaseStorageSwift-Beta */,
			);
			productName = PaymentPlanner;
			productReference = 41A6339C27D7392B00D24C34 /* PaymentPlanner.app */;
			productType = "com.apple.product-type.application";
		};
/* End PBXNativeTarget section */

/* Begin PBXProject section */
		41A6339427D7392B00D24C34 /* Project object */ = {
			isa = PBXProject;
			attributes = {
				BuildIndependentTargetsInParallel = 1;
				LastSwiftUpdateCheck = 1320;
				LastUpgradeCheck = 1320;
				TargetAttributes = {
					41A6339B27D7392B00D24C34 = {
						CreatedOnToolsVersion = 13.2.1;
					};
				};
			};
			buildConfigurationList = 41A6339727D7392B00D24C34 /* Build configuration list for PBXProject "PaymentPlanner" */;
			compatibilityVersion = "Xcode 13.0";
			developmentRegion = en;
			hasScannedForEncodings = 0;
			knownRegions = (
				en,
				Base,
			);
			mainGroup = 41A6339327D7392B00D24C34;
			packageReferences = (
				41A633BA27D741D100D24C34 /* XCRemoteSwiftPackageReference "FSCalendar" */,
				41C5CCFF27D8C8B100D06ECF /* XCRemoteSwiftPackageReference "firebase-ios-sdk" */,
			);
			productRefGroup = 41A6339D27D7392B00D24C34 /* Products */;
			projectDirPath = "";
			projectRoot = "";
			targets = (
				41A6339B27D7392B00D24C34 /* PaymentPlanner */,
			);
		};
/* End PBXProject section */

/* Begin PBXResourcesBuildPhase section */
		41A6339A27D7392B00D24C34 /* Resources */ = {
			isa = PBXResourcesBuildPhase;
			buildActionMask = 2147483647;
			files = (
				41A633AF27D7392D00D24C34 /* LaunchScreen.storyboard in Resources */,
				41AFA3B527E0766B008E4FD4 /* GoogleService-Info.plist in Resources */,
				41A633AC27D7392D00D24C34 /* Assets.xcassets in Resources */,
				41A633A727D7392B00D24C34 /* Main.storyboard in Resources */,
			);
			runOnlyForDeploymentPostprocessing = 0;
		};
/* End PBXResourcesBuildPhase section */

/* Begin PBXSourcesBuildPhase section */
		41A6339827D7392B00D24C34 /* Sources */ = {
			isa = PBXSourcesBuildPhase;
			buildActionMask = 2147483647;
			files = (
				41A633A427D7392B00D24C34 /* ViewController.swift in Sources */,
				41A633AA27D7392B00D24C34 /* PaymentPlanner.xcdatamodeld in Sources */,
				41A633B927D73E8000D24C34 /* PaymentDetailViewController.swift in Sources */,
				41C5CD3B27D8DC9600D06ECF /* CalendarDetailViewController.swift in Sources */,
				41A633B727D73CFB00D24C34 /* PaymentListViewController.swift in Sources */,
				41A633A027D7392B00D24C34 /* AppDelegate.swift in Sources */,
				41AFA3B727E0992E008E4FD4 /* NewSymbolAddViewController.swift in Sources */,
				41B8937927DA2B9900A0D5DE /* PaymentDetailTableViewCell.swift in Sources */,
				41A633A227D7392B00D24C34 /* SceneDelegate.swift in Sources */,
			);
			runOnlyForDeploymentPostprocessing = 0;
		};
/* End PBXSourcesBuildPhase section */

/* Begin PBXVariantGroup section */
		41A633A527D7392B00D24C34 /* Main.storyboard */ = {
			isa = PBXVariantGroup;
			children = (
				41A633A627D7392B00D24C34 /* Base */,
			);
			name = Main.storyboard;
			sourceTree = "<group>";
		};
		41A633AD27D7392D00D24C34 /* LaunchScreen.storyboard */ = {
			isa = PBXVariantGroup;
			children = (
				41A633AE27D7392D00D24C34 /* Base */,
			);
			name = LaunchScreen.storyboard;
			sourceTree = "<group>";
		};
/* End PBXVariantGroup section */

/* Begin XCBuildConfiguration section */
		41A633B127D7392D00D24C34 /* Debug */ = {
			isa = XCBuildConfiguration;
			buildSettings = {
				ALWAYS_SEARCH_USER_PATHS = NO;
				CLANG_ANALYZER_NONNULL = YES;
				CLANG_ANALYZER_NUMBER_OBJECT_CONVERSION = YES_AGGRESSIVE;
				CLANG_CXX_LANGUAGE_STANDARD = "gnu++17";
				CLANG_CXX_LIBRARY = "libc++";
				CLANG_ENABLE_MODULES = YES;
				CLANG_ENABLE_OBJC_ARC = YES;
				CLANG_ENABLE_OBJC_WEAK = YES;
				CLANG_WARN_BLOCK_CAPTURE_AUTORELEASING = YES;
				CLANG_WARN_BOOL_CONVERSION = YES;
				CLANG_WARN_COMMA = YES;
				CLANG_WARN_CONSTANT_CONVERSION = YES;
				CLANG_WARN_DEPRECATED_OBJC_IMPLEMENTATIONS = YES;
				CLANG_WARN_DIRECT_OBJC_ISA_USAGE = YES_ERROR;
				CLANG_WARN_DOCUMENTATION_COMMENTS = YES;
				CLANG_WARN_EMPTY_BODY = YES;
				CLANG_WARN_ENUM_CONVERSION = YES;
				CLANG_WARN_INFINITE_RECURSION = YES;
				CLANG_WARN_INT_CONVERSION = YES;
				CLANG_WARN_NON_LITERAL_NULL_CONVERSION = YES;
				CLANG_WARN_OBJC_IMPLICIT_RETAIN_SELF = YES;
				CLANG_WARN_OBJC_LITERAL_CONVERSION = YES;
				CLANG_WARN_OBJC_ROOT_CLASS = YES_ERROR;
				CLANG_WARN_QUOTED_INCLUDE_IN_FRAMEWORK_HEADER = YES;
				CLANG_WARN_RANGE_LOOP_ANALYSIS = YES;
				CLANG_WARN_STRICT_PROTOTYPES = YES;
				CLANG_WARN_SUSPICIOUS_MOVE = YES;
				CLANG_WARN_UNGUARDED_AVAILABILITY = YES_AGGRESSIVE;
				CLANG_WARN_UNREACHABLE_CODE = YES;
				CLANG_WARN__DUPLICATE_METHOD_MATCH = YES;
				COPY_PHASE_STRIP = NO;
				DEBUG_INFORMATION_FORMAT = dwarf;
				ENABLE_STRICT_OBJC_MSGSEND = YES;
				ENABLE_TESTABILITY = YES;
				GCC_C_LANGUAGE_STANDARD = gnu11;
				GCC_DYNAMIC_NO_PIC = NO;
				GCC_NO_COMMON_BLOCKS = YES;
				GCC_OPTIMIZATION_LEVEL = 0;
				GCC_PREPROCESSOR_DEFINITIONS = (
					"DEBUG=1",
					"$(inherited)",
				);
				GCC_WARN_64_TO_32_BIT_CONVERSION = YES;
				GCC_WARN_ABOUT_RETURN_TYPE = YES_ERROR;
				GCC_WARN_UNDECLARED_SELECTOR = YES;
				GCC_WARN_UNINITIALIZED_AUTOS = YES_AGGRESSIVE;
				GCC_WARN_UNUSED_FUNCTION = YES;
				GCC_WARN_UNUSED_VARIABLE = YES;
				IPHONEOS_DEPLOYMENT_TARGET = 15.2;
				MTL_ENABLE_DEBUG_INFO = INCLUDE_SOURCE;
				MTL_FAST_MATH = YES;
				ONLY_ACTIVE_ARCH = YES;
				SDKROOT = iphoneos;
				SWIFT_ACTIVE_COMPILATION_CONDITIONS = DEBUG;
				SWIFT_OPTIMIZATION_LEVEL = "-Onone";
			};
			name = Debug;
		};
		41A633B227D7392D00D24C34 /* Release */ = {
			isa = XCBuildConfiguration;
			buildSettings = {
				ALWAYS_SEARCH_USER_PATHS = NO;
				CLANG_ANALYZER_NONNULL = YES;
				CLANG_ANALYZER_NUMBER_OBJECT_CONVERSION = YES_AGGRESSIVE;
				CLANG_CXX_LANGUAGE_STANDARD = "gnu++17";
				CLANG_CXX_LIBRARY = "libc++";
				CLANG_ENABLE_MODULES = YES;
				CLANG_ENABLE_OBJC_ARC = YES;
				CLANG_ENABLE_OBJC_WEAK = YES;
				CLANG_WARN_BLOCK_CAPTURE_AUTORELEASING = YES;
				CLANG_WARN_BOOL_CONVERSION = YES;
				CLANG_WARN_COMMA = YES;
				CLANG_WARN_CONSTANT_CONVERSION = YES;
				CLANG_WARN_DEPRECATED_OBJC_IMPLEMENTATIONS = YES;
				CLANG_WARN_DIRECT_OBJC_ISA_USAGE = YES_ERROR;
				CLANG_WARN_DOCUMENTATION_COMMENTS = YES;
				CLANG_WARN_EMPTY_BODY = YES;
				CLANG_WARN_ENUM_CONVERSION = YES;
				CLANG_WARN_INFINITE_RECURSION = YES;
				CLANG_WARN_INT_CONVERSION = YES;
				CLANG_WARN_NON_LITERAL_NULL_CONVERSION = YES;
				CLANG_WARN_OBJC_IMPLICIT_RETAIN_SELF = YES;
				CLANG_WARN_OBJC_LITERAL_CONVERSION = YES;
				CLANG_WARN_OBJC_ROOT_CLASS = YES_ERROR;
				CLANG_WARN_QUOTED_INCLUDE_IN_FRAMEWORK_HEADER = YES;
				CLANG_WARN_RANGE_LOOP_ANALYSIS = YES;
				CLANG_WARN_STRICT_PROTOTYPES = YES;
				CLANG_WARN_SUSPICIOUS_MOVE = YES;
				CLANG_WARN_UNGUARDED_AVAILABILITY = YES_AGGRESSIVE;
				CLANG_WARN_UNREACHABLE_CODE = YES;
				CLANG_WARN__DUPLICATE_METHOD_MATCH = YES;
				COPY_PHASE_STRIP = NO;
				DEBUG_INFORMATION_FORMAT = "dwarf-with-dsym";
				ENABLE_NS_ASSERTIONS = NO;
				ENABLE_STRICT_OBJC_MSGSEND = YES;
				GCC_C_LANGUAGE_STANDARD = gnu11;
				GCC_NO_COMMON_BLOCKS = YES;
				GCC_WARN_64_TO_32_BIT_CONVERSION = YES;
				GCC_WARN_ABOUT_RETURN_TYPE = YES_ERROR;
				GCC_WARN_UNDECLARED_SELECTOR = YES;
				GCC_WARN_UNINITIALIZED_AUTOS = YES_AGGRESSIVE;
				GCC_WARN_UNUSED_FUNCTION = YES;
				GCC_WARN_UNUSED_VARIABLE = YES;
				IPHONEOS_DEPLOYMENT_TARGET = 15.2;
				MTL_ENABLE_DEBUG_INFO = NO;
				MTL_FAST_MATH = YES;
				SDKROOT = iphoneos;
				SWIFT_COMPILATION_MODE = wholemodule;
				SWIFT_OPTIMIZATION_LEVEL = "-O";
				VALIDATE_PRODUCT = YES;
			};
			name = Release;
		};
		41A633B427D7392D00D24C34 /* Debug */ = {
			isa = XCBuildConfiguration;
			buildSettings = {
				ASSETCATALOG_COMPILER_APPICON_NAME = AppIcon;
				ASSETCATALOG_COMPILER_GLOBAL_ACCENT_COLOR_NAME = AccentColor;
				CODE_SIGN_IDENTITY = "Apple Development";
				CODE_SIGN_STYLE = Automatic;
				CURRENT_PROJECT_VERSION = 1;
				DEVELOPMENT_TEAM = W634M6PWQV;
				GENERATE_INFOPLIST_FILE = YES;
				INFOPLIST_FILE = PaymentPlanner/Info.plist;
				INFOPLIST_KEY_UIApplicationSupportsIndirectInputEvents = YES;
				INFOPLIST_KEY_UILaunchStoryboardName = LaunchScreen;
				INFOPLIST_KEY_UIMainStoryboardFile = Main;
				INFOPLIST_KEY_UISupportedInterfaceOrientations_iPad = "UIInterfaceOrientationPortrait UIInterfaceOrientationPortraitUpsideDown UIInterfaceOrientationLandscapeLeft UIInterfaceOrientationLandscapeRight";
				INFOPLIST_KEY_UISupportedInterfaceOrientations_iPhone = "UIInterfaceOrientationPortrait UIInterfaceOrientationLandscapeLeft UIInterfaceOrientationLandscapeRight";
				LD_RUNPATH_SEARCH_PATHS = (
					"$(inherited)",
					"@executable_path/Frameworks",
				);
				MARKETING_VERSION = 1.0;
				PRODUCT_BUNDLE_IDENTIFIER = ali.kolukirik.PaymentPlanner;
				PRODUCT_NAME = "$(TARGET_NAME)";
				PROVISIONING_PROFILE_SPECIFIER = "";
				SWIFT_EMIT_LOC_STRINGS = YES;
				SWIFT_VERSION = 5.0;
				TARGETED_DEVICE_FAMILY = "1,2";
			};
			name = Debug;
		};
		41A633B527D7392D00D24C34 /* Release */ = {
			isa = XCBuildConfiguration;
			buildSettings = {
				ASSETCATALOG_COMPILER_APPICON_NAME = AppIcon;
				ASSETCATALOG_COMPILER_GLOBAL_ACCENT_COLOR_NAME = AccentColor;
				CODE_SIGN_IDENTITY = "Apple Development";
				CODE_SIGN_STYLE = Automatic;
				CURRENT_PROJECT_VERSION = 1;
				DEVELOPMENT_TEAM = W634M6PWQV;
				GENERATE_INFOPLIST_FILE = YES;
				INFOPLIST_FILE = PaymentPlanner/Info.plist;
				INFOPLIST_KEY_UIApplicationSupportsIndirectInputEvents = YES;
				INFOPLIST_KEY_UILaunchStoryboardName = LaunchScreen;
				INFOPLIST_KEY_UIMainStoryboardFile = Main;
				INFOPLIST_KEY_UISupportedInterfaceOrientations_iPad = "UIInterfaceOrientationPortrait UIInterfaceOrientationPortraitUpsideDown UIInterfaceOrientationLandscapeLeft UIInterfaceOrientationLandscapeRight";
				INFOPLIST_KEY_UISupportedInterfaceOrientations_iPhone = "UIInterfaceOrientationPortrait UIInterfaceOrientationLandscapeLeft UIInterfaceOrientationLandscapeRight";
				LD_RUNPATH_SEARCH_PATHS = (
					"$(inherited)",
					"@executable_path/Frameworks",
				);
				MARKETING_VERSION = 1.0;
				PRODUCT_BUNDLE_IDENTIFIER = ali.kolukirik.PaymentPlanner;
				PRODUCT_NAME = "$(TARGET_NAME)";
				PROVISIONING_PROFILE_SPECIFIER = "";
				SWIFT_EMIT_LOC_STRINGS = YES;
				SWIFT_VERSION = 5.0;
				TARGETED_DEVICE_FAMILY = "1,2";
			};
			name = Release;
		};
/* End XCBuildConfiguration section */

/* Begin XCConfigurationList section */
		41A6339727D7392B00D24C34 /* Build configuration list for PBXProject "PaymentPlanner" */ = {
			isa = XCConfigurationList;
			buildConfigurations = (
				41A633B127D7392D00D24C34 /* Debug */,
				41A633B227D7392D00D24C34 /* Release */,
			);
			defaultConfigurationIsVisible = 0;
			defaultConfigurationName = Release;
		};
		41A633B327D7392D00D24C34 /* Build configuration list for PBXNativeTarget "PaymentPlanner" */ = {
			isa = XCConfigurationList;
			buildConfigurations = (
				41A633B427D7392D00D24C34 /* Debug */,
				41A633B527D7392D00D24C34 /* Release */,
			);
			defaultConfigurationIsVisible = 0;
			defaultConfigurationName = Release;
		};
/* End XCConfigurationList section */

/* Begin XCRemoteSwiftPackageReference section */
		41A633BA27D741D100D24C34 /* XCRemoteSwiftPackageReference "FSCalendar" */ = {
			isa = XCRemoteSwiftPackageReference;
			repositoryURL = "https://github.com/WenchaoD/FSCalendar";
			requirement = {
				branch = master;
				kind = branch;
			};
		};
		41C5CCFF27D8C8B100D06ECF /* XCRemoteSwiftPackageReference "firebase-ios-sdk" */ = {
			isa = XCRemoteSwiftPackageReference;
			repositoryURL = "https://github.com/firebase/firebase-ios-sdk";
			requirement = {
				branch = master;
				kind = branch;
			};
		};
/* End XCRemoteSwiftPackageReference section */

/* Begin XCSwiftPackageProductDependency section */
		41A633BB27D741D100D24C34 /* FSCalendar */ = {
			isa = XCSwiftPackageProductDependency;
			package = 41A633BA27D741D100D24C34 /* XCRemoteSwiftPackageReference "FSCalendar" */;
			productName = FSCalendar;
		};
		41C5CD0027D8C8B100D06ECF /* FirebaseAnalytics */ = {
			isa = XCSwiftPackageProductDependency;
			package = 41C5CCFF27D8C8B100D06ECF /* XCRemoteSwiftPackageReference "firebase-ios-sdk" */;
			productName = FirebaseAnalytics;
		};
		41C5CD0227D8C8B100D06ECF /* FirebaseAnalyticsSwift-Beta */ = {
			isa = XCSwiftPackageProductDependency;
			package = 41C5CCFF27D8C8B100D06ECF /* XCRemoteSwiftPackageReference "firebase-ios-sdk" */;
			productName = "FirebaseAnalyticsSwift-Beta";
		};
		41C5CD0427D8C8B100D06ECF /* FirebaseAnalyticsWithoutAdIdSupport */ = {
			isa = XCSwiftPackageProductDependency;
			package = 41C5CCFF27D8C8B100D06ECF /* XCRemoteSwiftPackageReference "firebase-ios-sdk" */;
			productName = FirebaseAnalyticsWithoutAdIdSupport;
		};
		41C5CD0627D8C8B100D06ECF /* FirebaseAppCheck */ = {
			isa = XCSwiftPackageProductDependency;
			package = 41C5CCFF27D8C8B100D06ECF /* XCRemoteSwiftPackageReference "firebase-ios-sdk" */;
			productName = FirebaseAppCheck;
		};
		41C5CD0827D8C8B100D06ECF /* FirebaseAppDistribution-Beta */ = {
			isa = XCSwiftPackageProductDependency;
			package = 41C5CCFF27D8C8B100D06ECF /* XCRemoteSwiftPackageReference "firebase-ios-sdk" */;
			productName = "FirebaseAppDistribution-Beta";
		};
		41C5CD0A27D8C8B100D06ECF /* FirebaseAuth */ = {
			isa = XCSwiftPackageProductDependency;
			package = 41C5CCFF27D8C8B100D06ECF /* XCRemoteSwiftPackageReference "firebase-ios-sdk" */;
			productName = FirebaseAuth;
		};
		41C5CD0C27D8C8B100D06ECF /* FirebaseAuthCombine-Community */ = {
			isa = XCSwiftPackageProductDependency;
			package = 41C5CCFF27D8C8B100D06ECF /* XCRemoteSwiftPackageReference "firebase-ios-sdk" */;
			productName = "FirebaseAuthCombine-Community";
		};
		41C5CD0E27D8C8B100D06ECF /* FirebaseCrashlytics */ = {
			isa = XCSwiftPackageProductDependency;
			package = 41C5CCFF27D8C8B100D06ECF /* XCRemoteSwiftPackageReference "firebase-ios-sdk" */;
			productName = FirebaseCrashlytics;
		};
		41C5CD1027D8C8B100D06ECF /* FirebaseDatabase */ = {
			isa = XCSwiftPackageProductDependency;
			package = 41C5CCFF27D8C8B100D06ECF /* XCRemoteSwiftPackageReference "firebase-ios-sdk" */;
			productName = FirebaseDatabase;
		};
		41C5CD1227D8C8B100D06ECF /* FirebaseDatabaseSwift-Beta */ = {
			isa = XCSwiftPackageProductDependency;
			package = 41C5CCFF27D8C8B100D06ECF /* XCRemoteSwiftPackageReference "firebase-ios-sdk" */;
			productName = "FirebaseDatabaseSwift-Beta";
		};
		41C5CD1427D8C8B100D06ECF /* FirebaseDynamicLinks */ = {
			isa = XCSwiftPackageProductDependency;
			package = 41C5CCFF27D8C8B100D06ECF /* XCRemoteSwiftPackageReference "firebase-ios-sdk" */;
			productName = FirebaseDynamicLinks;
		};
		41C5CD1627D8C8B100D06ECF /* FirebaseFirestore */ = {
			isa = XCSwiftPackageProductDependency;
			package = 41C5CCFF27D8C8B100D06ECF /* XCRemoteSwiftPackageReference "firebase-ios-sdk" */;
			productName = FirebaseFirestore;
		};
		41C5CD1827D8C8B100D06ECF /* FirebaseFirestoreCombine-Community */ = {
			isa = XCSwiftPackageProductDependency;
			package = 41C5CCFF27D8C8B100D06ECF /* XCRemoteSwiftPackageReference "firebase-ios-sdk" */;
			productName = "FirebaseFirestoreCombine-Community";
		};
		41C5CD1A27D8C8B100D06ECF /* FirebaseFirestoreSwift-Beta */ = {
			isa = XCSwiftPackageProductDependency;
			package = 41C5CCFF27D8C8B100D06ECF /* XCRemoteSwiftPackageReference "firebase-ios-sdk" */;
			productName = "FirebaseFirestoreSwift-Beta";
		};
		41C5CD1C27D8C8B100D06ECF /* FirebaseFunctions */ = {
			isa = XCSwiftPackageProductDependency;
			package = 41C5CCFF27D8C8B100D06ECF /* XCRemoteSwiftPackageReference "firebase-ios-sdk" */;
			productName = FirebaseFunctions;
		};
		41C5CD1E27D8C8B100D06ECF /* FirebaseFunctionsCombine-Community */ = {
			isa = XCSwiftPackageProductDependency;
			package = 41C5CCFF27D8C8B100D06ECF /* XCRemoteSwiftPackageReference "firebase-ios-sdk" */;
			productName = "FirebaseFunctionsCombine-Community";
		};
		41C5CD2027D8C8B100D06ECF /* FirebaseFunctionsSwift-Beta */ = {
			isa = XCSwiftPackageProductDependency;
			package = 41C5CCFF27D8C8B100D06ECF /* XCRemoteSwiftPackageReference "firebase-ios-sdk" */;
			productName = "FirebaseFunctionsSwift-Beta";
		};
		41C5CD2227D8C8B100D06ECF /* FirebaseInAppMessaging-Beta */ = {
			isa = XCSwiftPackageProductDependency;
			package = 41C5CCFF27D8C8B100D06ECF /* XCRemoteSwiftPackageReference "firebase-ios-sdk" */;
			productName = "FirebaseInAppMessaging-Beta";
		};
		41C5CD2427D8C8B100D06ECF /* FirebaseInAppMessagingSwift-Beta */ = {
			isa = XCSwiftPackageProductDependency;
			package = 41C5CCFF27D8C8B100D06ECF /* XCRemoteSwiftPackageReference "firebase-ios-sdk" */;
			productName = "FirebaseInAppMessagingSwift-Beta";
		};
		41C5CD2627D8C8B100D06ECF /* FirebaseInstallations */ = {
			isa = XCSwiftPackageProductDependency;
			package = 41C5CCFF27D8C8B100D06ECF /* XCRemoteSwiftPackageReference "firebase-ios-sdk" */;
			productName = FirebaseInstallations;
		};
		41C5CD2827D8C8B100D06ECF /* FirebaseMLModelDownloader */ = {
			isa = XCSwiftPackageProductDependency;
			package = 41C5CCFF27D8C8B100D06ECF /* XCRemoteSwiftPackageReference "firebase-ios-sdk" */;
			productName = FirebaseMLModelDownloader;
		};
		41C5CD2A27D8C8B100D06ECF /* FirebaseMessaging */ = {
			isa = XCSwiftPackageProductDependency;
			package = 41C5CCFF27D8C8B100D06ECF /* XCRemoteSwiftPackageReference "firebase-ios-sdk" */;
			productName = FirebaseMessaging;
		};
		41C5CD2C27D8C8B100D06ECF /* FirebasePerformance */ = {
			isa = XCSwiftPackageProductDependency;
			package = 41C5CCFF27D8C8B100D06ECF /* XCRemoteSwiftPackageReference "firebase-ios-sdk" */;
			productName = FirebasePerformance;
		};
		41C5CD2E27D8C8B100D06ECF /* FirebaseRemoteConfig */ = {
			isa = XCSwiftPackageProductDependency;
			package = 41C5CCFF27D8C8B100D06ECF /* XCRemoteSwiftPackageReference "firebase-ios-sdk" */;
			productName = FirebaseRemoteConfig;
		};
		41C5CD3027D8C8B100D06ECF /* FirebaseRemoteConfigSwift-Beta */ = {
			isa = XCSwiftPackageProductDependency;
			package = 41C5CCFF27D8C8B100D06ECF /* XCRemoteSwiftPackageReference "firebase-ios-sdk" */;
			productName = "FirebaseRemoteConfigSwift-Beta";
		};
		41C5CD3227D8C8B100D06ECF /* FirebaseStorage */ = {
			isa = XCSwiftPackageProductDependency;
			package = 41C5CCFF27D8C8B100D06ECF /* XCRemoteSwiftPackageReference "firebase-ios-sdk" */;
			productName = FirebaseStorage;
		};
		41C5CD3427D8C8B100D06ECF /* FirebaseStorageCombine-Community */ = {
			isa = XCSwiftPackageProductDependency;
			package = 41C5CCFF27D8C8B100D06ECF /* XCRemoteSwiftPackageReference "firebase-ios-sdk" */;
			productName = "FirebaseStorageCombine-Community";
		};
		41C5CD3627D8C8B100D06ECF /* FirebaseStorageSwift-Beta */ = {
			isa = XCSwiftPackageProductDependency;
			package = 41C5CCFF27D8C8B100D06ECF /* XCRemoteSwiftPackageReference "firebase-ios-sdk" */;
			productName = "FirebaseStorageSwift-Beta";
		};
/* End XCSwiftPackageProductDependency section */

/* Begin XCVersionGroup section */
		41A633A827D7392B00D24C34 /* PaymentPlanner.xcdatamodeld */ = {
			isa = XCVersionGroup;
			children = (
				41A633A927D7392B00D24C34 /* PaymentPlanner.xcdatamodel */,
			);
			currentVersion = 41A633A927D7392B00D24C34 /* PaymentPlanner.xcdatamodel */;
			path = PaymentPlanner.xcdatamodeld;
			sourceTree = "<group>";
			versionGroupType = wrapper.xcdatamodel;
		};
/* End XCVersionGroup section */
	};
	rootObject = 41A6339427D7392B00D24C34 /* Project object */;
}
